
Microsoft Visual Studio Solution File, Format Version 12.00
# Visual Studio Version 17
VisualStudioVersion = 17.1.32421.90
MinimumVisualStudioVersion = 10.0.40219.1
Project("{8BC9CEB8-8B4A-11D0-8D11-00A0C91BC942}") = "ConsoleApplication7", "ConsoleApplication7.vcxproj", "{A5A85147-FD4D-4A5B-9983-3C526169F1FC}"
EndProject
Global
	GlobalSection(SolutionConfigurationPlatforms) = preSolution
		Debug|x64 = Debug|x64
		Debug|x86 = Debug|x86
		Release|x64 = Release|x64
		Release|x86 = Release|x86
	EndGlobalSection
	GlobalSection(ProjectConfigurationPlatforms) = postSolution
		{A5A85147-FD4D-4A5B-9983-3C526169F1FC}.Debug|x64.ActiveCfg = Debug|x64
		{A5A85147-FD4D-4A5B-9983-3C526169F1FC}.Debug|x64.Build.0 = Debug|x64
		{A5A85147-FD4D-4A5B-9983-3C526169F1FC}.Debug|x86.ActiveCfg = Debug|Win32
		{A5A85147-FD4D-4A5B-9983-3C526169F1FC}.Debug|x86.Build.0 = Debug|Win32
		{A5A85147-FD4D-4A5B-9983-3C526169F1FC}.Release|x64.ActiveCfg = Release|x64
		{A5A85147-FD4D-4A5B-9983-3C526169F1FC}.Release|x64.Build.0 = Release|x64
		{A5A85147-FD4D-4A5B-9983-3C526169F1FC}.Release|x86.ActiveCfg = Release|Win32
		{A5A85147-FD4D-4A5B-9983-3C526169F1FC}.Release|x86.Build.0 = Release|Win32
	EndGlobalSection
	GlobalSection(SolutionProperties) = preSolution
		HideSolutionNode = FALSE
	EndGlobalSection
	GlobalSection(ExtensibilityGlobals) = postSolution
		SolutionGuid = {24819EAD-DE62-48DD-B898-8874BD7F2185}
	EndGlobalSection
EndGlobal
